
Microsoft Visual Studio Solution File, Format Version 12.00
# Visual Studio Version 17
VisualStudioVersion = 17.5.002.0
MinimumVisualStudioVersion = 10.0.40219.1
Project("{2150E333-8FDC-42A3-9474-1A3956D46DE8}") = "csharp-prep", "csharp-prep", "{E0882B3F-0108-454A-96AF-294A4D3D8F0C}"
EndProject
Project("{9A19103F-16F7-4668-BE54-9A1E7A4F7556}") = "Prep1", "csharp-prep\Prep1\Prep1.csproj", "{9D34812A-9906-4946-8347-E60A6C4871B8}"
EndProject
Project("{9A19103F-16F7-4668-BE54-9A1E7A4F7556}") = "Prep2", "csharp-prep\Prep2\Prep2.csproj", "{62FFC49C-0A38-491B-B97E-0F5E14627872}"
EndProject
Project("{9A19103F-16F7-4668-BE54-9A1E7A4F7556}") = "Prep3", "csharp-prep\Prep3\Prep3.csproj", "{3451739B-ED35-4FF5-90B0-454E56E17E3D}"
EndProject
Project("{9A19103F-16F7-4668-BE54-9A1E7A4F7556}") = "Prep4", "csharp-prep\Prep4\Prep4.csproj", "{4AC8EDE1-D9CE-4F80-B2EC-5D661E02EDE2}"
EndProject
Project("{9A19103F-16F7-4668-BE54-9A1E7A4F7556}") = "Prep5", "csharp-prep\Prep5\Prep5.csproj", "{5574242E-31CD-4407-8B5B-E3E329C3CEBF}"
EndProject
Project("{2150E333-8FDC-42A3-9474-1A3956D46DE8}") = "final", "final", "{1015DB6D-2201-4A59-9283-A42B38A5E6B8}"
EndProject
Project("{9A19103F-16F7-4668-BE54-9A1E7A4F7556}") = "FinalProject", "final\FinalProject\FinalProject.csproj", "{82A31C32-A783-474B-B381-0D5412CDE418}"
EndProject
Project("{9A19103F-16F7-4668-BE54-9A1E7A4F7556}") = "Foundation1", "final\Foundation1\Foundation1.csproj", "{13463D24-1D15-4F74-927E-38075D0BE5C7}"
EndProject
Project("{9A19103F-16F7-4668-BE54-9A1E7A4F7556}") = "Foundation2", "final\Foundation2\Foundation2.csproj", "{6B664C12-0DF7-4079-8EEF-B5A577E316AC}"
EndProject
Project("{9A19103F-16F7-4668-BE54-9A1E7A4F7556}") = "Foundation3", "final\Foundation3\Foundation3.csproj", "{3E835DFA-5E75-4C0C-9F5D-E1AF21D1EA5D}"
EndProject
Project("{9A19103F-16F7-4668-BE54-9A1E7A4F7556}") = "Foundation4", "final\Foundation4\Foundation4.csproj", "{3393A8BE-ACB5-4595-BAE2-695297755DE3}"
EndProject
Project("{2150E333-8FDC-42A3-9474-1A3956D46DE8}") = "prepare", "prepare", "{30CCB723-74B8-4995-8815-40E250BB08BB}"
EndProject
Project("{9A19103F-16F7-4668-BE54-9A1E7A4F7556}") = "Learning02", "prepare\Learning02\Learning02.csproj", "{A35AC584-C7B8-452B-A9BF-8ABE1ECB5F0B}"
EndProject
Project("{9A19103F-16F7-4668-BE54-9A1E7A4F7556}") = "Learning03", "prepare\Learning03\Learning03.csproj", "{5B4CEA21-A786-43EE-9A76-FCA0FCAEF3EA}"
EndProject
Project("{9A19103F-16F7-4668-BE54-9A1E7A4F7556}") = "Learning04", "prepare\Learning04\Learning04.csproj", "{142C5AA0-3DB2-456B-82F8-59BB754C8006}"
EndProject
Project("{9A19103F-16F7-4668-BE54-9A1E7A4F7556}") = "Learning05", "prepare\Learning05\Learning05.csproj", "{018C2DC3-E2ED-485D-AB6D-90D41A843F5A}"
EndProject
Project("{2150E333-8FDC-42A3-9474-1A3956D46DE8}") = "prove", "prove", "{3BF59EB6-312B-46AE-8ED9-C0E59A60E34E}"
EndProject
Project("{9A19103F-16F7-4668-BE54-9A1E7A4F7556}") = "Develop02", "prove\Develop02\Develop02.csproj", "{023411BC-F251-4205-A027-5C9A22B26447}"
EndProject
Project("{9A19103F-16F7-4668-BE54-9A1E7A4F7556}") = "Develop03", "prove\Develop03\Develop03.csproj", "{E900A338-F066-4E5B-AA7A-8463BC8DE090}"
EndProject
Project("{9A19103F-16F7-4668-BE54-9A1E7A4F7556}") = "Develop04", "prove\Develop04\Develop04.csproj", "{17B512F2-67D5-420F-B94D-29C688DE78FF}"
EndProject
Project("{9A19103F-16F7-4668-BE54-9A1E7A4F7556}") = "Develop05", "prove\Develop05\Develop05.csproj", "{162D59C0-4B0D-47D3-9F29-912C6C9EDB64}"
EndProject
Project("{2150E333-8FDC-42A3-9474-1A3956D46DE8}") = "sandbox", "sandbox", "{99CA7E0C-ED7B-4609-9F18-D501CA139410}"
EndProject
Project("{9A19103F-16F7-4668-BE54-9A1E7A4F7556}") = "Sandbox", "sandbox\Sandbox\Sandbox.csproj", "{F4710320-CAB3-45B7-9DD8-252A5E95D1C5}"
EndProject
Global
	GlobalSection(SolutionConfigurationPlatforms) = preSolution
		Debug|Any CPU = Debug|Any CPU
		Release|Any CPU = Release|Any CPU
	EndGlobalSection
	GlobalSection(ProjectConfigurationPlatforms) = postSolution
		{9D34812A-9906-4946-8347-E60A6C4871B8}.Debug|Any CPU.ActiveCfg = Debug|Any CPU
		{9D34812A-9906-4946-8347-E60A6C4871B8}.Debug|Any CPU.Build.0 = Debug|Any CPU
		{9D34812A-9906-4946-8347-E60A6C4871B8}.Release|Any CPU.ActiveCfg = Release|Any CPU
		{9D34812A-9906-4946-8347-E60A6C4871B8}.Release|Any CPU.Build.0 = Release|Any CPU
		{62FFC49C-0A38-491B-B97E-0F5E14627872}.Debug|Any CPU.ActiveCfg = Debug|Any CPU
		{62FFC49C-0A38-491B-B97E-0F5E14627872}.Debug|Any CPU.Build.0 = Debug|Any CPU
		{62FFC49C-0A38-491B-B97E-0F5E14627872}.Release|Any CPU.ActiveCfg = Release|Any CPU
		{62FFC49C-0A38-491B-B97E-0F5E14627872}.Release|Any CPU.Build.0 = Release|Any CPU
		{3451739B-ED35-4FF5-90B0-454E56E17E3D}.Debug|Any CPU.ActiveCfg = Debug|Any CPU
		{3451739B-ED35-4FF5-90B0-454E56E17E3D}.Debug|Any CPU.Build.0 = Debug|Any CPU
		{3451739B-ED35-4FF5-90B0-454E56E17E3D}.Release|Any CPU.ActiveCfg = Release|Any CPU
		{3451739B-ED35-4FF5-90B0-454E56E17E3D}.Release|Any CPU.Build.0 = Release|Any CPU
		{4AC8EDE1-D9CE-4F80-B2EC-5D661E02EDE2}.Debug|Any CPU.ActiveCfg = Debug|Any CPU
		{4AC8EDE1-D9CE-4F80-B2EC-5D661E02EDE2}.Debug|Any CPU.Build.0 = Debug|Any CPU
		{4AC8EDE1-D9CE-4F80-B2EC-5D661E02EDE2}.Release|Any CPU.ActiveCfg = Release|Any CPU
		{4AC8EDE1-D9CE-4F80-B2EC-5D661E02EDE2}.Release|Any CPU.Build.0 = Release|Any CPU
		{5574242E-31CD-4407-8B5B-E3E329C3CEBF}.Debug|Any CPU.ActiveCfg = Debug|Any CPU
		{5574242E-31CD-4407-8B5B-E3E329C3CEBF}.Debug|Any CPU.Build.0 = Debug|Any CPU
		{5574242E-31CD-4407-8B5B-E3E329C3CEBF}.Release|Any CPU.ActiveCfg = Release|Any CPU
		{5574242E-31CD-4407-8B5B-E3E329C3CEBF}.Release|Any CPU.Build.0 = Release|Any CPU
		{82A31C32-A783-474B-B381-0D5412CDE418}.Debug|Any CPU.ActiveCfg = Debug|Any CPU
		{82A31C32-A783-474B-B381-0D5412CDE418}.Debug|Any CPU.Build.0 = Debug|Any CPU
		{82A31C32-A783-474B-B381-0D5412CDE418}.Release|Any CPU.ActiveCfg = Release|Any CPU
		{82A31C32-A783-474B-B381-0D5412CDE418}.Release|Any CPU.Build.0 = Release|Any CPU
		{13463D24-1D15-4F74-927E-38075D0BE5C7}.Debug|Any CPU.ActiveCfg = Debug|Any CPU
		{13463D24-1D15-4F74-927E-38075D0BE5C7}.Debug|Any CPU.Build.0 = Debug|Any CPU
		{13463D24-1D15-4F74-927E-38075D0BE5C7}.Release|Any CPU.ActiveCfg = Release|Any CPU
		{13463D24-1D15-4F74-927E-38075D0BE5C7}.Release|Any CPU.Build.0 = Release|Any CPU
		{6B664C12-0DF7-4079-8EEF-B5A577E316AC}.Debug|Any CPU.ActiveCfg = Debug|Any CPU
		{6B664C12-0DF7-4079-8EEF-B5A577E316AC}.Debug|Any CPU.Build.0 = Debug|Any CPU
		{6B664C12-0DF7-4079-8EEF-B5A577E316AC}.Release|Any CPU.ActiveCfg = Release|Any CPU
		{6B664C12-0DF7-4079-8EEF-B5A577E316AC}.Release|Any CPU.Build.0 = Release|Any CPU
		{3E835DFA-5E75-4C0C-9F5D-E1AF21D1EA5D}.Debug|Any CPU.ActiveCfg = Debug|Any CPU
		{3E835DFA-5E75-4C0C-9F5D-E1AF21D1EA5D}.Debug|Any CPU.Build.0 = Debug|Any CPU
		{3E835DFA-5E75-4C0C-9F5D-E1AF21D1EA5D}.Release|Any CPU.ActiveCfg = Release|Any CPU
		{3E835DFA-5E75-4C0C-9F5D-E1AF21D1EA5D}.Release|Any CPU.Build.0 = Release|Any CPU
		{3393A8BE-ACB5-4595-BAE2-695297755DE3}.Debug|Any CPU.ActiveCfg = Debug|Any CPU
		{3393A8BE-ACB5-4595-BAE2-695297755DE3}.Debug|Any CPU.Build.0 = Debug|Any CPU
		{3393A8BE-ACB5-4595-BAE2-695297755DE3}.Release|Any CPU.ActiveCfg = Release|Any CPU
		{3393A8BE-ACB5-4595-BAE2-695297755DE3}.Release|Any CPU.Build.0 = Release|Any CPU
		{A35AC584-C7B8-452B-A9BF-8ABE1ECB5F0B}.Debug|Any CPU.ActiveCfg = Debug|Any CPU
		{A35AC584-C7B8-452B-A9BF-8ABE1ECB5F0B}.Debug|Any CPU.Build.0 = Debug|Any CPU
		{A35AC584-C7B8-452B-A9BF-8ABE1ECB5F0B}.Release|Any CPU.ActiveCfg = Release|Any CPU
		{A35AC584-C7B8-452B-A9BF-8ABE1ECB5F0B}.Release|Any CPU.Build.0 = Release|Any CPU
		{5B4CEA21-A786-43EE-9A76-FCA0FCAEF3EA}.Debug|Any CPU.ActiveCfg = Debug|Any CPU
		{5B4CEA21-A786-43EE-9A76-FCA0FCAEF3EA}.Debug|Any CPU.Build.0 = Debug|Any CPU
		{5B4CEA21-A786-43EE-9A76-FCA0FCAEF3EA}.Release|Any CPU.ActiveCfg = Release|Any CPU
		{5B4CEA21-A786-43EE-9A76-FCA0FCAEF3EA}.Release|Any CPU.Build.0 = Release|Any CPU
		{142C5AA0-3DB2-456B-82F8-59BB754C8006}.Debug|Any CPU.ActiveCfg = Debug|Any CPU
		{142C5AA0-3DB2-456B-82F8-59BB754C8006}.Debug|Any CPU.Build.0 = Debug|Any CPU
		{142C5AA0-3DB2-456B-82F8-59BB754C8006}.Release|Any CPU.ActiveCfg = Release|Any CPU
		{142C5AA0-3DB2-456B-82F8-59BB754C8006}.Release|Any CPU.Build.0 = Release|Any CPU
		{018C2DC3-E2ED-485D-AB6D-90D41A843F5A}.Debug|Any CPU.ActiveCfg = Debug|Any CPU
		{018C2DC3-E2ED-485D-AB6D-90D41A843F5A}.Debug|Any CPU.Build.0 = Debug|Any CPU
		{018C2DC3-E2ED-485D-AB6D-90D41A843F5A}.Release|Any CPU.ActiveCfg = Release|Any CPU
		{018C2DC3-E2ED-485D-AB6D-90D41A843F5A}.Release|Any CPU.Build.0 = Release|Any CPU
		{023411BC-F251-4205-A027-5C9A22B26447}.Debug|Any CPU.ActiveCfg = Debug|Any CPU
		{023411BC-F251-4205-A027-5C9A22B26447}.Debug|Any CPU.Build.0 = Debug|Any CPU
		{023411BC-F251-4205-A027-5C9A22B26447}.Release|Any CPU.ActiveCfg = Release|Any CPU
		{023411BC-F251-4205-A027-5C9A22B26447}.Release|Any CPU.Build.0 = Release|Any CPU
		{E900A338-F066-4E5B-AA7A-8463BC8DE090}.Debug|Any CPU.ActiveCfg = Debug|Any CPU
		{E900A338-F066-4E5B-AA7A-8463BC8DE090}.Debug|Any CPU.Build.0 = Debug|Any CPU
		{E900A338-F066-4E5B-AA7A-8463BC8DE090}.Release|Any CPU.ActiveCfg = Release|Any CPU
		{E900A338-F066-4E5B-AA7A-8463BC8DE090}.Release|Any CPU.Build.0 = Release|Any CPU
		{17B512F2-67D5-420F-B94D-29C688DE78FF}.Debug|Any CPU.ActiveCfg = Debug|Any CPU
		{17B512F2-67D5-420F-B94D-29C688DE78FF}.Debug|Any CPU.Build.0 = Debug|Any CPU
		{17B512F2-67D5-420F-B94D-29C688DE78FF}.Release|Any CPU.ActiveCfg = Release|Any CPU
		{17B512F2-67D5-420F-B94D-29C688DE78FF}.Release|Any CPU.Build.0 = Release|Any CPU
		{162D59C0-4B0D-47D3-9F29-912C6C9EDB64}.Debug|Any CPU.ActiveCfg = Debug|Any CPU
		{162D59C0-4B0D-47D3-9F29-912C6C9EDB64}.Debug|Any CPU.Build.0 = Debug|Any CPU
		{162D59C0-4B0D-47D3-9F29-912C6C9EDB64}.Release|Any CPU.ActiveCfg = Release|Any CPU
		{162D59C0-4B0D-47D3-9F29-912C6C9EDB64}.Release|Any CPU.Build.0 = Release|Any CPU
		{F4710320-CAB3-45B7-9DD8-252A5E95D1C5}.Debug|Any CPU.ActiveCfg = Debug|Any CPU
		{F4710320-CAB3-45B7-9DD8-252A5E95D1C5}.Debug|Any CPU.Build.0 = Debug|Any CPU
		{F4710320-CAB3-45B7-9DD8-252A5E95D1C5}.Release|Any CPU.ActiveCfg = Release|Any CPU
		{F4710320-CAB3-45B7-9DD8-252A5E95D1C5}.Release|Any CPU.Build.0 = Release|Any CPU
	EndGlobalSection
	GlobalSection(SolutionProperties) = preSolution
		HideSolutionNode = FALSE
	EndGlobalSection
	GlobalSection(NestedProjects) = preSolution
		{9D34812A-9906-4946-8347-E60A6C4871B8} = {E0882B3F-0108-454A-96AF-294A4D3D8F0C}
		{62FFC49C-0A38-491B-B97E-0F5E14627872} = {E0882B3F-0108-454A-96AF-294A4D3D8F0C}
		{3451739B-ED35-4FF5-90B0-454E56E17E3D} = {E0882B3F-0108-454A-96AF-294A4D3D8F0C}
		{4AC8EDE1-D9CE-4F80-B2EC-5D661E02EDE2} = {E0882B3F-0108-454A-96AF-294A4D3D8F0C}
		{5574242E-31CD-4407-8B5B-E3E329C3CEBF} = {E0882B3F-0108-454A-96AF-294A4D3D8F0C}
		{82A31C32-A783-474B-B381-0D5412CDE418} = {1015DB6D-2201-4A59-9283-A42B38A5E6B8}
		{13463D24-1D15-4F74-927E-38075D0BE5C7} = {1015DB6D-2201-4A59-9283-A42B38A5E6B8}
		{6B664C12-0DF7-4079-8EEF-B5A577E316AC} = {1015DB6D-2201-4A59-9283-A42B38A5E6B8}
		{3E835DFA-5E75-4C0C-9F5D-E1AF21D1EA5D} = {1015DB6D-2201-4A59-9283-A42B38A5E6B8}
		{3393A8BE-ACB5-4595-BAE2-695297755DE3} = {1015DB6D-2201-4A59-9283-A42B38A5E6B8}
		{A35AC584-C7B8-452B-A9BF-8ABE1ECB5F0B} = {30CCB723-74B8-4995-8815-40E250BB08BB}
		{5B4CEA21-A786-43EE-9A76-FCA0FCAEF3EA} = {30CCB723-74B8-4995-8815-40E250BB08BB}
		{142C5AA0-3DB2-456B-82F8-59BB754C8006} = {30CCB723-74B8-4995-8815-40E250BB08BB}
		{018C2DC3-E2ED-485D-AB6D-90D41A843F5A} = {30CCB723-74B8-4995-8815-40E250BB08BB}
		{023411BC-F251-4205-A027-5C9A22B26447} = {3BF59EB6-312B-46AE-8ED9-C0E59A60E34E}
		{E900A338-F066-4E5B-AA7A-8463BC8DE090} = {3BF59EB6-312B-46AE-8ED9-C0E59A60E34E}
		{17B512F2-67D5-420F-B94D-29C688DE78FF} = {3BF59EB6-312B-46AE-8ED9-C0E59A60E34E}
		{162D59C0-4B0D-47D3-9F29-912C6C9EDB64} = {3BF59EB6-312B-46AE-8ED9-C0E59A60E34E}
		{F4710320-CAB3-45B7-9DD8-252A5E95D1C5} = {99CA7E0C-ED7B-4609-9F18-D501CA139410}
	EndGlobalSection
	GlobalSection(ExtensibilityGlobals) = postSolution
		SolutionGuid = {AEDEC85C-57FD-4018-89B6-C93B62DA81AA}
	EndGlobalSection
EndGlobal
